
Microsoft Visual Studio Solution File, Format Version 12.00
Project("{FAE04EC0-301F-11D3-BF4B-00C04F79EFBC}") = "CrackingTheCodingInterview", "CrackingTheCodingInterview\CrackingTheCodingInterview.csproj", "{6EEE8774-D58C-4444-84FC-40C4AD08C94C}"
EndProject
Global
	GlobalSection(SolutionConfigurationPlatforms) = preSolution
		Debug|Any CPU = Debug|Any CPU
		Release|Any CPU = Release|Any CPU
	EndGlobalSection
	GlobalSection(ProjectConfigurationPlatforms) = postSolution
		{6EEE8774-D58C-4444-84FC-40C4AD08C94C}.Debug|Any CPU.ActiveCfg = Debug|Any CPU
		{6EEE8774-D58C-4444-84FC-40C4AD08C94C}.Debug|Any CPU.Build.0 = Debug|Any CPU
		{6EEE8774-D58C-4444-84FC-40C4AD08C94C}.Release|Any CPU.ActiveCfg = Release|Any CPU
		{6EEE8774-D58C-4444-84FC-40C4AD08C94C}.Release|Any CPU.Build.0 = Release|Any CPU
	EndGlobalSection
EndGlobal
